
Microsoft Visual Studio Solution File, Format Version 12.00
# Visual Studio Version 17
VisualStudioVersion = 17.4.33213.308
MinimumVisualStudioVersion = 10.0.40219.1
Project("{FAE04EC0-301F-11D3-BF4B-00C04F79EFBC}") = "AnketWinform", "AnketWinform\AnketWinform.csproj", "{E5AA495D-D287-490B-9AF2-6DFC00D698C7}"
EndProject
Global
	GlobalSection(SolutionConfigurationPlatforms) = preSolution
		Debug|Any CPU = Debug|Any CPU
		Release|Any CPU = Release|Any CPU
	EndGlobalSection
	GlobalSection(ProjectConfigurationPlatforms) = postSolution
		{E5AA495D-D287-490B-9AF2-6DFC00D698C7}.Debug|Any CPU.ActiveCfg = Debug|Any CPU
		{E5AA495D-D287-490B-9AF2-6DFC00D698C7}.Debug|Any CPU.Build.0 = Debug|Any CPU
		{E5AA495D-D287-490B-9AF2-6DFC00D698C7}.Release|Any CPU.ActiveCfg = Release|Any CPU
		{E5AA495D-D287-490B-9AF2-6DFC00D698C7}.Release|Any CPU.Build.0 = Release|Any CPU
	EndGlobalSection
	GlobalSection(SolutionProperties) = preSolution
		HideSolutionNode = FALSE
	EndGlobalSection
	GlobalSection(ExtensibilityGlobals) = postSolution
		SolutionGuid = {8F3BA8E5-CD02-4F35-9D88-1DD0F223959B}
	EndGlobalSection
EndGlobal
